// !$*UTF8*$!
{
	archiveVersion = 1;
	classes = {
	};
	objectVersion = 46;
	objects = {

/* Begin PBXBuildFile section */
		1BD9C8BB1445F2E10099223D /* JFFAsyncOperationsPredefinedBlocks.h in Headers */ = {isa = PBXBuildFile; fileRef = 1BD9C8B91445F2E10099223D /* JFFAsyncOperationsPredefinedBlocks.h */; };
		1BD9C8BC1445F2E10099223D /* JFFAsyncOperationsPredefinedBlocks.m in Sources */ = {isa = PBXBuildFile; fileRef = 1BD9C8BA1445F2E10099223D /* JFFAsyncOperationsPredefinedBlocks.m */; };
		1BED04D5144EBD0200B8DC2A /* NSObject+AutoCancelAsyncOperation.h in Headers */ = {isa = PBXBuildFile; fileRef = 1BED04D3144EBD0200B8DC2A /* NSObject+AutoCancelAsyncOperation.h */; };
		1BED04D6144EBD0200B8DC2A /* NSObject+AutoCancelAsyncOperation.m in Sources */ = {isa = PBXBuildFile; fileRef = 1BED04D4144EBD0200B8DC2A /* NSObject+AutoCancelAsyncOperation.m */; };
		5B8116FB1486952A001B46D8 /* JFFAsyncOperations_Prefix.pch in Headers */ = {isa = PBXBuildFile; fileRef = AA747D9E0F9514B9006C5449 /* JFFAsyncOperations_Prefix.pch */; };
		5B8116FC1486952A001B46D8 /* JFFAsyncOperationsBlockDefinitions.h in Headers */ = {isa = PBXBuildFile; fileRef = 651BE1611391913300DD6890 /* JFFAsyncOperationsBlockDefinitions.h */; };
		5B8116FD1486952A001B46D8 /* JFFAsyncOperationContinuity.h in Headers */ = {isa = PBXBuildFile; fileRef = 651BE1651391928400DD6890 /* JFFAsyncOperationContinuity.h */; };
		5B8116FE1486952A001B46D8 /* JFFCallbacksBlocksHolder.h in Headers */ = {isa = PBXBuildFile; fileRef = 65648BAD1392407F001E163C /* JFFCallbacksBlocksHolder.h */; };
		5B8116FF1486952A001B46D8 /* JFFOperationQueue.h in Headers */ = {isa = PBXBuildFile; fileRef = 65648BB313924134001E163C /* JFFOperationQueue.h */; };
		5B8117001486952A001B46D8 /* JFFBlockOperation.h in Headers */ = {isa = PBXBuildFile; fileRef = 65648BD313924220001E163C /* JFFBlockOperation.h */; };
		5B8117011486952A001B46D8 /* JFFAsyncOperationUtils.h in Headers */ = {isa = PBXBuildFile; fileRef = 65648C381392490F001E163C /* JFFAsyncOperationUtils.h */; };
		5B8117021486952A001B46D8 /* JFFAsyncOperations.h in Headers */ = {isa = PBXBuildFile; fileRef = 65648C5013924A77001E163C /* JFFAsyncOperations.h */; };
		5B8117031486952A001B46D8 /* JFFCancelAyncOperationBlockHolder.h in Headers */ = {isa = PBXBuildFile; fileRef = 65347F6B13B7EEE50002CF73 /* JFFCancelAyncOperationBlockHolder.h */; };
		5B8117041486952A001B46D8 /* JFFAsyncOperationLoadBalancer.h in Headers */ = {isa = PBXBuildFile; fileRef = 65347F9413B7F0BD0002CF73 /* JFFAsyncOperationLoadBalancer.h */; };
		5B8117051486952A001B46D8 /* JFFContextLoaders.h in Headers */ = {isa = PBXBuildFile; fileRef = 65347FED13B8142A0002CF73 /* JFFContextLoaders.h */; };
		5B8117061486952A001B46D8 /* JFFAsyncOperationLoadBalancerContexts.h in Headers */ = {isa = PBXBuildFile; fileRef = 65347FF513B8147C0002CF73 /* JFFAsyncOperationLoadBalancerContexts.h */; };
		5B8117071486952A001B46D8 /* JFFActiveLoaderData.h in Headers */ = {isa = PBXBuildFile; fileRef = 6534802313B81DAE0002CF73 /* JFFActiveLoaderData.h */; };
		5B8117081486952A001B46D8 /* JFFAsyncOperationProgressBlockHolder.h in Headers */ = {isa = PBXBuildFile; fileRef = 6534804A13B822F00002CF73 /* JFFAsyncOperationProgressBlockHolder.h */; };
		5B8117091486952A001B46D8 /* JFFPedingLoaderData.h in Headers */ = {isa = PBXBuildFile; fileRef = 8D1B3D2913B87A4900410ECB /* JFFPedingLoaderData.h */; };
		5B81170A1486952A001B46D8 /* JFFDidFinishAsyncOperationBlockHolder.h in Headers */ = {isa = PBXBuildFile; fileRef = 8D1B3D6D13B88A2700410ECB /* JFFDidFinishAsyncOperationBlockHolder.h */; };
		5B81170B1486952A001B46D8 /* JFFPropertyPath.h in Headers */ = {isa = PBXBuildFile; fileRef = 8D9827F713F2B9D5009DD73B /* JFFPropertyPath.h */; };
		5B81170C1486952A001B46D8 /* NSObject+AsyncPropertyReader.h in Headers */ = {isa = PBXBuildFile; fileRef = 8D9827F913F2B9D5009DD73B /* NSObject+AsyncPropertyReader.h */; };
		5B81170D1486952A001B46D8 /* JFFPropertyExtractor.h in Headers */ = {isa = PBXBuildFile; fileRef = 8D9827FF13F2BA10009DD73B /* JFFPropertyExtractor.h */; };
		5B81170E1486952A001B46D8 /* JFFObjectRelatedPropertyData.h in Headers */ = {isa = PBXBuildFile; fileRef = 8D61CD2A13F2BC8A0003AC4A /* JFFObjectRelatedPropertyData.h */; };
		5B81170F1486952A001B46D8 /* NSObject+PropertyExtractor.h in Headers */ = {isa = PBXBuildFile; fileRef = 8D61CD2F13F2BCE40003AC4A /* NSObject+PropertyExtractor.h */; };
		5B8117101486952A001B46D8 /* JFFAsyncOperationsPredefinedBlocks.h in Headers */ = {isa = PBXBuildFile; fileRef = 1BD9C8B91445F2E10099223D /* JFFAsyncOperationsPredefinedBlocks.h */; };
		5B8117111486952A001B46D8 /* NSObject+AutoCancelAsyncOperation.h in Headers */ = {isa = PBXBuildFile; fileRef = 1BED04D3144EBD0200B8DC2A /* NSObject+AutoCancelAsyncOperation.h */; };
		5B8117131486952A001B46D8 /* JFFAsyncOperationContinuity.m in Sources */ = {isa = PBXBuildFile; fileRef = 651BE1661391928400DD6890 /* JFFAsyncOperationContinuity.m */; };
		5B8117141486952A001B46D8 /* JFFCallbacksBlocksHolder.m in Sources */ = {isa = PBXBuildFile; fileRef = 65648BAE1392407F001E163C /* JFFCallbacksBlocksHolder.m */; };
		5B8117151486952A001B46D8 /* JFFOperationQueue.m in Sources */ = {isa = PBXBuildFile; fileRef = 65648BB413924134001E163C /* JFFOperationQueue.m */; };
		5B8117161486952A001B46D8 /* JFFBlockOperation.m in Sources */ = {isa = PBXBuildFile; fileRef = 65648BD413924220001E163C /* JFFBlockOperation.m */; };
		5B8117171486952A001B46D8 /* JFFAsyncOperationUtils.m in Sources */ = {isa = PBXBuildFile; fileRef = 65648C391392490F001E163C /* JFFAsyncOperationUtils.m */; };
		5B8117181486952A001B46D8 /* JFFCancelAyncOperationBlockHolder.m in Sources */ = {isa = PBXBuildFile; fileRef = 65347F6C13B7EEE50002CF73 /* JFFCancelAyncOperationBlockHolder.m */; };
		5B8117191486952A001B46D8 /* JFFAsyncOperationLoadBalancer.m in Sources */ = {isa = PBXBuildFile; fileRef = 65347F9513B7F0BD0002CF73 /* JFFAsyncOperationLoadBalancer.m */; };
		5B81171A1486952A001B46D8 /* JFFContextLoaders.m in Sources */ = {isa = PBXBuildFile; fileRef = 65347FEE13B8142A0002CF73 /* JFFContextLoaders.m */; };
		5B81171B1486952A001B46D8 /* JFFAsyncOperationLoadBalancerContexts.m in Sources */ = {isa = PBXBuildFile; fileRef = 65347FF613B8147C0002CF73 /* JFFAsyncOperationLoadBalancerContexts.m */; };
		5B81171C1486952A001B46D8 /* JFFActiveLoaderData.m in Sources */ = {isa = PBXBuildFile; fileRef = 6534802413B81DAE0002CF73 /* JFFActiveLoaderData.m */; };
		5B81171D1486952A001B46D8 /* JFFAsyncOperationProgressBlockHolder.m in Sources */ = {isa = PBXBuildFile; fileRef = 6534804B13B822F00002CF73 /* JFFAsyncOperationProgressBlockHolder.m */; };
		5B81171E1486952A001B46D8 /* JFFPedingLoaderData.m in Sources */ = {isa = PBXBuildFile; fileRef = 8D1B3D2A13B87A4900410ECB /* JFFPedingLoaderData.m */; };
		5B81171F1486952A001B46D8 /* JFFDidFinishAsyncOperationBlockHolder.m in Sources */ = {isa = PBXBuildFile; fileRef = 8D1B3D6E13B88A2700410ECB /* JFFDidFinishAsyncOperationBlockHolder.m */; };
		5B8117201486952A001B46D8 /* JFFPropertyPath.m in Sources */ = {isa = PBXBuildFile; fileRef = 8D9827F813F2B9D5009DD73B /* JFFPropertyPath.m */; };
		5B8117211486952A001B46D8 /* NSObject+AsyncPropertyReader.m in Sources */ = {isa = PBXBuildFile; fileRef = 8D9827FA13F2B9D5009DD73B /* NSObject+AsyncPropertyReader.m */; };
		5B8117221486952A001B46D8 /* JFFPropertyExtractor.m in Sources */ = {isa = PBXBuildFile; fileRef = 8D98280013F2BA10009DD73B /* JFFPropertyExtractor.m */; };
		5B8117231486952A001B46D8 /* JFFObjectRelatedPropertyData.m in Sources */ = {isa = PBXBuildFile; fileRef = 8D61CD2B13F2BC8A0003AC4A /* JFFObjectRelatedPropertyData.m */; };
		5B8117241486952A001B46D8 /* NSObject+PropertyExtractor.m in Sources */ = {isa = PBXBuildFile; fileRef = 8D61CD3013F2BCE40003AC4A /* NSObject+PropertyExtractor.m */; };
		5B8117251486952A001B46D8 /* JFFAsyncOperationsPredefinedBlocks.m in Sources */ = {isa = PBXBuildFile; fileRef = 1BD9C8BA1445F2E10099223D /* JFFAsyncOperationsPredefinedBlocks.m */; };
		5B8117261486952A001B46D8 /* NSObject+AutoCancelAsyncOperation.m in Sources */ = {isa = PBXBuildFile; fileRef = 1BED04D4144EBD0200B8DC2A /* NSObject+AutoCancelAsyncOperation.m */; };
		5B8117281486952A001B46D8 /* Foundation.framework in Frameworks */ = {isa = PBXBuildFile; fileRef = AACBBE490F95108600F1A2B1 /* Foundation.framework */; };
		651BE1621391913300DD6890 /* JFFAsyncOperationsBlockDefinitions.h in Headers */ = {isa = PBXBuildFile; fileRef = 651BE1611391913300DD6890 /* JFFAsyncOperationsBlockDefinitions.h */; };
		651BE1671391928400DD6890 /* JFFAsyncOperationContinuity.h in Headers */ = {isa = PBXBuildFile; fileRef = 651BE1651391928400DD6890 /* JFFAsyncOperationContinuity.h */; };
		651BE1681391928400DD6890 /* JFFAsyncOperationContinuity.m in Sources */ = {isa = PBXBuildFile; fileRef = 651BE1661391928400DD6890 /* JFFAsyncOperationContinuity.m */; };
		65347F6D13B7EEE50002CF73 /* JFFCancelAyncOperationBlockHolder.h in Headers */ = {isa = PBXBuildFile; fileRef = 65347F6B13B7EEE50002CF73 /* JFFCancelAyncOperationBlockHolder.h */; };
		65347F6E13B7EEE50002CF73 /* JFFCancelAyncOperationBlockHolder.m in Sources */ = {isa = PBXBuildFile; fileRef = 65347F6C13B7EEE50002CF73 /* JFFCancelAyncOperationBlockHolder.m */; };
		65347F9613B7F0BD0002CF73 /* JFFAsyncOperationLoadBalancer.h in Headers */ = {isa = PBXBuildFile; fileRef = 65347F9413B7F0BD0002CF73 /* JFFAsyncOperationLoadBalancer.h */; };
		65347F9713B7F0BD0002CF73 /* JFFAsyncOperationLoadBalancer.m in Sources */ = {isa = PBXBuildFile; fileRef = 65347F9513B7F0BD0002CF73 /* JFFAsyncOperationLoadBalancer.m */; };
		65347FEF13B8142A0002CF73 /* JFFContextLoaders.h in Headers */ = {isa = PBXBuildFile; fileRef = 65347FED13B8142A0002CF73 /* JFFContextLoaders.h */; };
		65347FF013B8142A0002CF73 /* JFFContextLoaders.m in Sources */ = {isa = PBXBuildFile; fileRef = 65347FEE13B8142A0002CF73 /* JFFContextLoaders.m */; };
		65347FF713B8147C0002CF73 /* JFFAsyncOperationLoadBalancerContexts.h in Headers */ = {isa = PBXBuildFile; fileRef = 65347FF513B8147C0002CF73 /* JFFAsyncOperationLoadBalancerContexts.h */; };
		65347FF813B8147C0002CF73 /* JFFAsyncOperationLoadBalancerContexts.m in Sources */ = {isa = PBXBuildFile; fileRef = 65347FF613B8147C0002CF73 /* JFFAsyncOperationLoadBalancerContexts.m */; };
		6534802513B81DAE0002CF73 /* JFFActiveLoaderData.h in Headers */ = {isa = PBXBuildFile; fileRef = 6534802313B81DAE0002CF73 /* JFFActiveLoaderData.h */; };
		6534802613B81DAE0002CF73 /* JFFActiveLoaderData.m in Sources */ = {isa = PBXBuildFile; fileRef = 6534802413B81DAE0002CF73 /* JFFActiveLoaderData.m */; };
		6534804C13B822F00002CF73 /* JFFAsyncOperationProgressBlockHolder.h in Headers */ = {isa = PBXBuildFile; fileRef = 6534804A13B822F00002CF73 /* JFFAsyncOperationProgressBlockHolder.h */; };
		6534804D13B822F00002CF73 /* JFFAsyncOperationProgressBlockHolder.m in Sources */ = {isa = PBXBuildFile; fileRef = 6534804B13B822F00002CF73 /* JFFAsyncOperationProgressBlockHolder.m */; };
		65648BAF1392407F001E163C /* JFFCallbacksBlocksHolder.h in Headers */ = {isa = PBXBuildFile; fileRef = 65648BAD1392407F001E163C /* JFFCallbacksBlocksHolder.h */; };
		65648BB01392407F001E163C /* JFFCallbacksBlocksHolder.m in Sources */ = {isa = PBXBuildFile; fileRef = 65648BAE1392407F001E163C /* JFFCallbacksBlocksHolder.m */; };
		65648BB513924134001E163C /* JFFOperationQueue.h in Headers */ = {isa = PBXBuildFile; fileRef = 65648BB313924134001E163C /* JFFOperationQueue.h */; };
		65648BB613924134001E163C /* JFFOperationQueue.m in Sources */ = {isa = PBXBuildFile; fileRef = 65648BB413924134001E163C /* JFFOperationQueue.m */; };
		65648BD513924220001E163C /* JFFBlockOperation.h in Headers */ = {isa = PBXBuildFile; fileRef = 65648BD313924220001E163C /* JFFBlockOperation.h */; };
		65648BD613924220001E163C /* JFFBlockOperation.m in Sources */ = {isa = PBXBuildFile; fileRef = 65648BD413924220001E163C /* JFFBlockOperation.m */; };
		65648C3A1392490F001E163C /* JFFAsyncOperationUtils.h in Headers */ = {isa = PBXBuildFile; fileRef = 65648C381392490F001E163C /* JFFAsyncOperationUtils.h */; };
		65648C3B1392490F001E163C /* JFFAsyncOperationUtils.m in Sources */ = {isa = PBXBuildFile; fileRef = 65648C391392490F001E163C /* JFFAsyncOperationUtils.m */; };
		65648C5113924A77001E163C /* JFFAsyncOperations.h in Headers */ = {isa = PBXBuildFile; fileRef = 65648C5013924A77001E163C /* JFFAsyncOperations.h */; };
		6596AFA9149D19D9005E734F /* JFFDidFinishAsyncOperationHookHolder.h in Headers */ = {isa = PBXBuildFile; fileRef = 6596AFA7149D19D9005E734F /* JFFDidFinishAsyncOperationHookHolder.h */; };
		6596AFAA149D19D9005E734F /* JFFDidFinishAsyncOperationHookHolder.m in Sources */ = {isa = PBXBuildFile; fileRef = 6596AFA8149D19D9005E734F /* JFFDidFinishAsyncOperationHookHolder.m */; };
		8D1B3D2B13B87A4900410ECB /* JFFPedingLoaderData.h in Headers */ = {isa = PBXBuildFile; fileRef = 8D1B3D2913B87A4900410ECB /* JFFPedingLoaderData.h */; };
		8D1B3D2C13B87A4900410ECB /* JFFPedingLoaderData.m in Sources */ = {isa = PBXBuildFile; fileRef = 8D1B3D2A13B87A4900410ECB /* JFFPedingLoaderData.m */; };
		8D1B3D6F13B88A2700410ECB /* JFFDidFinishAsyncOperationBlockHolder.h in Headers */ = {isa = PBXBuildFile; fileRef = 8D1B3D6D13B88A2700410ECB /* JFFDidFinishAsyncOperationBlockHolder.h */; };
		8D1B3D7013B88A2700410ECB /* JFFDidFinishAsyncOperationBlockHolder.m in Sources */ = {isa = PBXBuildFile; fileRef = 8D1B3D6E13B88A2700410ECB /* JFFDidFinishAsyncOperationBlockHolder.m */; };
		8D61CD2C13F2BC8A0003AC4A /* JFFObjectRelatedPropertyData.h in Headers */ = {isa = PBXBuildFile; fileRef = 8D61CD2A13F2BC8A0003AC4A /* JFFObjectRelatedPropertyData.h */; };
		8D61CD2D13F2BC8A0003AC4A /* JFFObjectRelatedPropertyData.m in Sources */ = {isa = PBXBuildFile; fileRef = 8D61CD2B13F2BC8A0003AC4A /* JFFObjectRelatedPropertyData.m */; };
		8D61CD3113F2BCE40003AC4A /* NSObject+PropertyExtractor.h in Headers */ = {isa = PBXBuildFile; fileRef = 8D61CD2F13F2BCE40003AC4A /* NSObject+PropertyExtractor.h */; };
		8D61CD3213F2BCE40003AC4A /* NSObject+PropertyExtractor.m in Sources */ = {isa = PBXBuildFile; fileRef = 8D61CD3013F2BCE40003AC4A /* NSObject+PropertyExtractor.m */; };
		8D9827FB13F2B9D5009DD73B /* JFFPropertyPath.h in Headers */ = {isa = PBXBuildFile; fileRef = 8D9827F713F2B9D5009DD73B /* JFFPropertyPath.h */; };
		8D9827FC13F2B9D5009DD73B /* JFFPropertyPath.m in Sources */ = {isa = PBXBuildFile; fileRef = 8D9827F813F2B9D5009DD73B /* JFFPropertyPath.m */; };
		8D9827FD13F2B9D5009DD73B /* NSObject+AsyncPropertyReader.h in Headers */ = {isa = PBXBuildFile; fileRef = 8D9827F913F2B9D5009DD73B /* NSObject+AsyncPropertyReader.h */; };
		8D9827FE13F2B9D5009DD73B /* NSObject+AsyncPropertyReader.m in Sources */ = {isa = PBXBuildFile; fileRef = 8D9827FA13F2B9D5009DD73B /* NSObject+AsyncPropertyReader.m */; };
		8D98280113F2BA10009DD73B /* JFFPropertyExtractor.h in Headers */ = {isa = PBXBuildFile; fileRef = 8D9827FF13F2BA10009DD73B /* JFFPropertyExtractor.h */; };
		8D98280213F2BA10009DD73B /* JFFPropertyExtractor.m in Sources */ = {isa = PBXBuildFile; fileRef = 8D98280013F2BA10009DD73B /* JFFPropertyExtractor.m */; };
		AA747D9F0F9514B9006C5449 /* JFFAsyncOperations_Prefix.pch in Headers */ = {isa = PBXBuildFile; fileRef = AA747D9E0F9514B9006C5449 /* JFFAsyncOperations_Prefix.pch */; };
		AACBBE4A0F95108600F1A2B1 /* Foundation.framework in Frameworks */ = {isa = PBXBuildFile; fileRef = AACBBE490F95108600F1A2B1 /* Foundation.framework */; };
/* End PBXBuildFile section */

/* Begin PBXContainerItemProxy section */
		1BD9C8FF1445F5340099223D /* PBXContainerItemProxy */ = {
			isa = PBXContainerItemProxy;
			containerPortal = 1BD9C8F81445F5340099223D /* JFFScheduler.xcodeproj */;
			proxyType = 2;
			remoteGlobalIDString = D2AAC07E0554694100DB518D;
			remoteInfo = JFFScheduler;
		};
		1BD9C9011445F53B0099223D /* PBXContainerItemProxy */ = {
			isa = PBXContainerItemProxy;
			containerPortal = 1BD9C8F81445F5340099223D /* JFFScheduler.xcodeproj */;
			proxyType = 1;
			remoteGlobalIDString = D2AAC07D0554694100DB518D;
			remoteInfo = JFFScheduler;
		};
		5B811BED1486AD6F001B46D8 /* PBXContainerItemProxy */ = {
			isa = PBXContainerItemProxy;
			containerPortal = 1BD9C8F81445F5340099223D /* JFFScheduler.xcodeproj */;
			proxyType = 2;
			remoteGlobalIDString = 5B81173C14869565001B46D8;
			remoteInfo = "JFFScheduler-clang";
		};
		5B811BEF1486AD75001B46D8 /* PBXContainerItemProxy */ = {
			isa = PBXContainerItemProxy;
			containerPortal = 1BD9C8F81445F5340099223D /* JFFScheduler.xcodeproj */;
			proxyType = 1;
			remoteGlobalIDString = 5B81172F14869565001B46D8;
			remoteInfo = "JFFScheduler-clang";
		};
/* End PBXContainerItemProxy section */

/* Begin PBXFileReference section */
		1BD9C8B91445F2E10099223D /* JFFAsyncOperationsPredefinedBlocks.h */ = {isa = PBXFileReference; fileEncoding = 4; lastKnownFileType = sourcecode.c.h; path = JFFAsyncOperationsPredefinedBlocks.h; sourceTree = "<group>"; };
		1BD9C8BA1445F2E10099223D /* JFFAsyncOperationsPredefinedBlocks.m */ = {isa = PBXFileReference; fileEncoding = 4; lastKnownFileType = sourcecode.c.objc; path = JFFAsyncOperationsPredefinedBlocks.m; sourceTree = "<group>"; };
		1BD9C8F81445F5340099223D /* JFFScheduler.xcodeproj */ = {isa = PBXFileReference; lastKnownFileType = "wrapper.pb-project"; name = JFFScheduler.xcodeproj; path = ../JFFScheduler/JFFScheduler.xcodeproj; sourceTree = "<group>"; };
		1BED04D3144EBD0200B8DC2A /* NSObject+AutoCancelAsyncOperation.h */ = {isa = PBXFileReference; fileEncoding = 4; lastKnownFileType = sourcecode.c.h; path = "NSObject+AutoCancelAsyncOperation.h"; sourceTree = "<group>"; };
		1BED04D4144EBD0200B8DC2A /* NSObject+AutoCancelAsyncOperation.m */ = {isa = PBXFileReference; fileEncoding = 4; lastKnownFileType = sourcecode.c.objc; path = "NSObject+AutoCancelAsyncOperation.m"; sourceTree = "<group>"; };
		5B81172C1486952A001B46D8 /* libJFFAsyncOperations-clang.a */ = {isa = PBXFileReference; explicitFileType = archive.ar; includeInIndex = 0; path = "libJFFAsyncOperations-clang.a"; sourceTree = BUILT_PRODUCTS_DIR; };
		651BE1611391913300DD6890 /* JFFAsyncOperationsBlockDefinitions.h */ = {isa = PBXFileReference; fileEncoding = 4; lastKnownFileType = sourcecode.c.h; path = JFFAsyncOperationsBlockDefinitions.h; sourceTree = "<group>"; };
		651BE1651391928400DD6890 /* JFFAsyncOperationContinuity.h */ = {isa = PBXFileReference; fileEncoding = 4; lastKnownFileType = sourcecode.c.h; path = JFFAsyncOperationContinuity.h; sourceTree = "<group>"; };
		651BE1661391928400DD6890 /* JFFAsyncOperationContinuity.m */ = {isa = PBXFileReference; fileEncoding = 4; lastKnownFileType = sourcecode.c.objc; path = JFFAsyncOperationContinuity.m; sourceTree = "<group>"; };
		65347F6B13B7EEE50002CF73 /* JFFCancelAyncOperationBlockHolder.h */ = {isa = PBXFileReference; fileEncoding = 4; lastKnownFileType = sourcecode.c.h; path = JFFCancelAyncOperationBlockHolder.h; sourceTree = "<group>"; };
		65347F6C13B7EEE50002CF73 /* JFFCancelAyncOperationBlockHolder.m */ = {isa = PBXFileReference; fileEncoding = 4; lastKnownFileType = sourcecode.c.objc; path = JFFCancelAyncOperationBlockHolder.m; sourceTree = "<group>"; };
		65347F9413B7F0BD0002CF73 /* JFFAsyncOperationLoadBalancer.h */ = {isa = PBXFileReference; fileEncoding = 4; lastKnownFileType = sourcecode.c.h; path = JFFAsyncOperationLoadBalancer.h; sourceTree = "<group>"; };
		65347F9513B7F0BD0002CF73 /* JFFAsyncOperationLoadBalancer.m */ = {isa = PBXFileReference; fileEncoding = 4; lastKnownFileType = sourcecode.c.objc; path = JFFAsyncOperationLoadBalancer.m; sourceTree = "<group>"; };
		65347FED13B8142A0002CF73 /* JFFContextLoaders.h */ = {isa = PBXFileReference; fileEncoding = 4; lastKnownFileType = sourcecode.c.h; path = JFFContextLoaders.h; sourceTree = "<group>"; };
		65347FEE13B8142A0002CF73 /* JFFContextLoaders.m */ = {isa = PBXFileReference; fileEncoding = 4; lastKnownFileType = sourcecode.c.objc; path = JFFContextLoaders.m; sourceTree = "<group>"; };
		65347FF513B8147C0002CF73 /* JFFAsyncOperationLoadBalancerContexts.h */ = {isa = PBXFileReference; fileEncoding = 4; lastKnownFileType = sourcecode.c.h; path = JFFAsyncOperationLoadBalancerContexts.h; sourceTree = "<group>"; };
		65347FF613B8147C0002CF73 /* JFFAsyncOperationLoadBalancerContexts.m */ = {isa = PBXFileReference; fileEncoding = 4; lastKnownFileType = sourcecode.c.objc; path = JFFAsyncOperationLoadBalancerContexts.m; sourceTree = "<group>"; };
		6534802313B81DAE0002CF73 /* JFFActiveLoaderData.h */ = {isa = PBXFileReference; fileEncoding = 4; lastKnownFileType = sourcecode.c.h; path = JFFActiveLoaderData.h; sourceTree = "<group>"; };
		6534802413B81DAE0002CF73 /* JFFActiveLoaderData.m */ = {isa = PBXFileReference; fileEncoding = 4; lastKnownFileType = sourcecode.c.objc; path = JFFActiveLoaderData.m; sourceTree = "<group>"; };
		6534804A13B822F00002CF73 /* JFFAsyncOperationProgressBlockHolder.h */ = {isa = PBXFileReference; fileEncoding = 4; lastKnownFileType = sourcecode.c.h; path = JFFAsyncOperationProgressBlockHolder.h; sourceTree = "<group>"; };
		6534804B13B822F00002CF73 /* JFFAsyncOperationProgressBlockHolder.m */ = {isa = PBXFileReference; fileEncoding = 4; lastKnownFileType = sourcecode.c.objc; path = JFFAsyncOperationProgressBlockHolder.m; sourceTree = "<group>"; };
		65648BAD1392407F001E163C /* JFFCallbacksBlocksHolder.h */ = {isa = PBXFileReference; fileEncoding = 4; lastKnownFileType = sourcecode.c.h; path = JFFCallbacksBlocksHolder.h; sourceTree = "<group>"; };
		65648BAE1392407F001E163C /* JFFCallbacksBlocksHolder.m */ = {isa = PBXFileReference; fileEncoding = 4; lastKnownFileType = sourcecode.c.objc; path = JFFCallbacksBlocksHolder.m; sourceTree = "<group>"; };
		65648BB313924134001E163C /* JFFOperationQueue.h */ = {isa = PBXFileReference; fileEncoding = 4; lastKnownFileType = sourcecode.c.h; path = JFFOperationQueue.h; sourceTree = "<group>"; };
		65648BB413924134001E163C /* JFFOperationQueue.m */ = {isa = PBXFileReference; fileEncoding = 4; lastKnownFileType = sourcecode.c.objc; path = JFFOperationQueue.m; sourceTree = "<group>"; };
		65648BD313924220001E163C /* JFFBlockOperation.h */ = {isa = PBXFileReference; fileEncoding = 4; lastKnownFileType = sourcecode.c.h; path = JFFBlockOperation.h; sourceTree = "<group>"; };
		65648BD413924220001E163C /* JFFBlockOperation.m */ = {isa = PBXFileReference; fileEncoding = 4; lastKnownFileType = sourcecode.c.objc; path = JFFBlockOperation.m; sourceTree = "<group>"; };
		65648C381392490F001E163C /* JFFAsyncOperationUtils.h */ = {isa = PBXFileReference; fileEncoding = 4; lastKnownFileType = sourcecode.c.h; path = JFFAsyncOperationUtils.h; sourceTree = "<group>"; };
		65648C391392490F001E163C /* JFFAsyncOperationUtils.m */ = {isa = PBXFileReference; fileEncoding = 4; lastKnownFileType = sourcecode.c.objc; path = JFFAsyncOperationUtils.m; sourceTree = "<group>"; };
		65648C5013924A77001E163C /* JFFAsyncOperations.h */ = {isa = PBXFileReference; fileEncoding = 4; lastKnownFileType = sourcecode.c.h; path = JFFAsyncOperations.h; sourceTree = "<group>"; };
		6596AFA7149D19D9005E734F /* JFFDidFinishAsyncOperationHookHolder.h */ = {isa = PBXFileReference; fileEncoding = 4; lastKnownFileType = sourcecode.c.h; path = JFFDidFinishAsyncOperationHookHolder.h; sourceTree = "<group>"; };
		6596AFA8149D19D9005E734F /* JFFDidFinishAsyncOperationHookHolder.m */ = {isa = PBXFileReference; fileEncoding = 4; lastKnownFileType = sourcecode.c.objc; path = JFFDidFinishAsyncOperationHookHolder.m; sourceTree = "<group>"; };
		8D1B3D2913B87A4900410ECB /* JFFPedingLoaderData.h */ = {isa = PBXFileReference; fileEncoding = 4; lastKnownFileType = sourcecode.c.h; path = JFFPedingLoaderData.h; sourceTree = "<group>"; };
		8D1B3D2A13B87A4900410ECB /* JFFPedingLoaderData.m */ = {isa = PBXFileReference; fileEncoding = 4; lastKnownFileType = sourcecode.c.objc; path = JFFPedingLoaderData.m; sourceTree = "<group>"; };
		8D1B3D6D13B88A2700410ECB /* JFFDidFinishAsyncOperationBlockHolder.h */ = {isa = PBXFileReference; fileEncoding = 4; lastKnownFileType = sourcecode.c.h; path = JFFDidFinishAsyncOperationBlockHolder.h; sourceTree = "<group>"; };
		8D1B3D6E13B88A2700410ECB /* JFFDidFinishAsyncOperationBlockHolder.m */ = {isa = PBXFileReference; fileEncoding = 4; lastKnownFileType = sourcecode.c.objc; path = JFFDidFinishAsyncOperationBlockHolder.m; sourceTree = "<group>"; };
		8D61CD2A13F2BC8A0003AC4A /* JFFObjectRelatedPropertyData.h */ = {isa = PBXFileReference; fileEncoding = 4; lastKnownFileType = sourcecode.c.h; path = JFFObjectRelatedPropertyData.h; sourceTree = "<group>"; };
		8D61CD2B13F2BC8A0003AC4A /* JFFObjectRelatedPropertyData.m */ = {isa = PBXFileReference; fileEncoding = 4; lastKnownFileType = sourcecode.c.objc; path = JFFObjectRelatedPropertyData.m; sourceTree = "<group>"; };
		8D61CD2F13F2BCE40003AC4A /* NSObject+PropertyExtractor.h */ = {isa = PBXFileReference; fileEncoding = 4; lastKnownFileType = sourcecode.c.h; path = "NSObject+PropertyExtractor.h"; sourceTree = "<group>"; };
		8D61CD3013F2BCE40003AC4A /* NSObject+PropertyExtractor.m */ = {isa = PBXFileReference; fileEncoding = 4; lastKnownFileType = sourcecode.c.objc; path = "NSObject+PropertyExtractor.m"; sourceTree = "<group>"; };
		8D9827F713F2B9D5009DD73B /* JFFPropertyPath.h */ = {isa = PBXFileReference; fileEncoding = 4; lastKnownFileType = sourcecode.c.h; path = JFFPropertyPath.h; sourceTree = "<group>"; };
		8D9827F813F2B9D5009DD73B /* JFFPropertyPath.m */ = {isa = PBXFileReference; fileEncoding = 4; lastKnownFileType = sourcecode.c.objc; path = JFFPropertyPath.m; sourceTree = "<group>"; };
		8D9827F913F2B9D5009DD73B /* NSObject+AsyncPropertyReader.h */ = {isa = PBXFileReference; fileEncoding = 4; lastKnownFileType = sourcecode.c.h; path = "NSObject+AsyncPropertyReader.h"; sourceTree = "<group>"; };
		8D9827FA13F2B9D5009DD73B /* NSObject+AsyncPropertyReader.m */ = {isa = PBXFileReference; fileEncoding = 4; lastKnownFileType = sourcecode.c.objc; path = "NSObject+AsyncPropertyReader.m"; sourceTree = "<group>"; };
		8D9827FF13F2BA10009DD73B /* JFFPropertyExtractor.h */ = {isa = PBXFileReference; fileEncoding = 4; lastKnownFileType = sourcecode.c.h; path = JFFPropertyExtractor.h; sourceTree = "<group>"; };
		8D98280013F2BA10009DD73B /* JFFPropertyExtractor.m */ = {isa = PBXFileReference; fileEncoding = 4; lastKnownFileType = sourcecode.c.objc; path = JFFPropertyExtractor.m; sourceTree = "<group>"; };
		AA747D9E0F9514B9006C5449 /* JFFAsyncOperations_Prefix.pch */ = {isa = PBXFileReference; fileEncoding = 4; lastKnownFileType = sourcecode.c.h; path = JFFAsyncOperations_Prefix.pch; sourceTree = SOURCE_ROOT; };
		AACBBE490F95108600F1A2B1 /* Foundation.framework */ = {isa = PBXFileReference; lastKnownFileType = wrapper.framework; name = Foundation.framework; path = System/Library/Frameworks/Foundation.framework; sourceTree = SDKROOT; };
		D2AAC07E0554694100DB518D /* libJFFAsyncOperations.a */ = {isa = PBXFileReference; explicitFileType = archive.ar; includeInIndex = 0; path = libJFFAsyncOperations.a; sourceTree = BUILT_PRODUCTS_DIR; };
/* End PBXFileReference section */

/* Begin PBXFrameworksBuildPhase section */
		5B8117271486952A001B46D8 /* Frameworks */ = {
			isa = PBXFrameworksBuildPhase;
			buildActionMask = 2147483647;
			files = (
				5B8117281486952A001B46D8 /* Foundation.framework in Frameworks */,
			);
			runOnlyForDeploymentPostprocessing = 0;
		};
		D2AAC07C0554694100DB518D /* Frameworks */ = {
			isa = PBXFrameworksBuildPhase;
			buildActionMask = 2147483647;
			files = (
				AACBBE4A0F95108600F1A2B1 /* Foundation.framework in Frameworks */,
			);
			runOnlyForDeploymentPostprocessing = 0;
		};
/* End PBXFrameworksBuildPhase section */

/* Begin PBXGroup section */
		034768DFFF38A50411DB9C8B /* Products */ = {
			isa = PBXGroup;
			children = (
				D2AAC07E0554694100DB518D /* libJFFAsyncOperations.a */,
				5B81172C1486952A001B46D8 /* libJFFAsyncOperations-clang.a */,
			);
			name = Products;
			sourceTree = "<group>";
		};
		0867D691FE84028FC02AAC07 /* JFFAsyncOperations */ = {
			isa = PBXGroup;
			children = (
				08FB77AEFE84172EC02AAC07 /* Classes */,
				1BD9C8F61445F51D0099223D /* Dependencies */,
				32C88DFF0371C24200C91783 /* Other Sources */,
				0867D69AFE84028FC02AAC07 /* Frameworks */,
				034768DFFF38A50411DB9C8B /* Products */,
			);
			name = JFFAsyncOperations;
			sourceTree = "<group>";
		};
		0867D69AFE84028FC02AAC07 /* Frameworks */ = {
			isa = PBXGroup;
			children = (
				AACBBE490F95108600F1A2B1 /* Foundation.framework */,
			);
			name = Frameworks;
			sourceTree = "<group>";
		};
		08FB77AEFE84172EC02AAC07 /* Classes */ = {
			isa = PBXGroup;
			children = (
				8D9827F613F2B9AF009DD73B /* CachedAsyncOperations */,
				65648AF913923C47001E163C /* Detail */,
				65347F2E13B7ECDB0002CF73 /* Helpers */,
				65347F8013B7F04A0002CF73 /* LoadBalancer */,
				651BE1611391913300DD6890 /* JFFAsyncOperationsBlockDefinitions.h */,
				1BD9C8B91445F2E10099223D /* JFFAsyncOperationsPredefinedBlocks.h */,
				1BD9C8BA1445F2E10099223D /* JFFAsyncOperationsPredefinedBlocks.m */,
				65648BB313924134001E163C /* JFFOperationQueue.h */,
				65648BB413924134001E163C /* JFFOperationQueue.m */,
				65648BD313924220001E163C /* JFFBlockOperation.h */,
				65648BD413924220001E163C /* JFFBlockOperation.m */,
				65648C381392490F001E163C /* JFFAsyncOperationUtils.h */,
				65648C391392490F001E163C /* JFFAsyncOperationUtils.m */,
				651BE1651391928400DD6890 /* JFFAsyncOperationContinuity.h */,
				651BE1661391928400DD6890 /* JFFAsyncOperationContinuity.m */,
				1BED04D3144EBD0200B8DC2A /* NSObject+AutoCancelAsyncOperation.h */,
				1BED04D4144EBD0200B8DC2A /* NSObject+AutoCancelAsyncOperation.m */,
				65648C5013924A77001E163C /* JFFAsyncOperations.h */,
			);
			name = Classes;
			sourceTree = "<group>";
		};
		1BD9C8F61445F51D0099223D /* Dependencies */ = {
			isa = PBXGroup;
			children = (
				1BD9C8F81445F5340099223D /* JFFScheduler.xcodeproj */,
			);
			name = Dependencies;
			sourceTree = "<group>";
		};
		1BD9C8F91445F5340099223D /* Products */ = {
			isa = PBXGroup;
			children = (
				1BD9C9001445F5340099223D /* libJFFScheduler.a */,
				5B811BEE1486AD6F001B46D8 /* libJFFScheduler-clang.a */,
			);
			name = Products;
			sourceTree = "<group>";
		};
		32C88DFF0371C24200C91783 /* Other Sources */ = {
			isa = PBXGroup;
			children = (
				AA747D9E0F9514B9006C5449 /* JFFAsyncOperations_Prefix.pch */,
			);
			name = "Other Sources";
			sourceTree = "<group>";
		};
		65347F2E13B7ECDB0002CF73 /* Helpers */ = {
			isa = PBXGroup;
			children = (
				65347F6B13B7EEE50002CF73 /* JFFCancelAyncOperationBlockHolder.h */,
				65347F6C13B7EEE50002CF73 /* JFFCancelAyncOperationBlockHolder.m */,
				6534804A13B822F00002CF73 /* JFFAsyncOperationProgressBlockHolder.h */,
				6534804B13B822F00002CF73 /* JFFAsyncOperationProgressBlockHolder.m */,
				8D1B3D6D13B88A2700410ECB /* JFFDidFinishAsyncOperationBlockHolder.h */,
				8D1B3D6E13B88A2700410ECB /* JFFDidFinishAsyncOperationBlockHolder.m */,
				6596AFA7149D19D9005E734F /* JFFDidFinishAsyncOperationHookHolder.h */,
				6596AFA8149D19D9005E734F /* JFFDidFinishAsyncOperationHookHolder.m */,
			);
			path = Helpers;
			sourceTree = "<group>";
		};
		65347F8013B7F04A0002CF73 /* LoadBalancer */ = {
			isa = PBXGroup;
			children = (
				65347FEC13B8141F0002CF73 /* Detail */,
				65347F9413B7F0BD0002CF73 /* JFFAsyncOperationLoadBalancer.h */,
				65347F9513B7F0BD0002CF73 /* JFFAsyncOperationLoadBalancer.m */,
			);
			path = LoadBalancer;
			sourceTree = "<group>";
		};
		65347FEC13B8141F0002CF73 /* Detail */ = {
			isa = PBXGroup;
			children = (
				6534802313B81DAE0002CF73 /* JFFActiveLoaderData.h */,
				6534802413B81DAE0002CF73 /* JFFActiveLoaderData.m */,
				8D1B3D2913B87A4900410ECB /* JFFPedingLoaderData.h */,
				8D1B3D2A13B87A4900410ECB /* JFFPedingLoaderData.m */,
				65347FED13B8142A0002CF73 /* JFFContextLoaders.h */,
				65347FEE13B8142A0002CF73 /* JFFContextLoaders.m */,
				65347FF513B8147C0002CF73 /* JFFAsyncOperationLoadBalancerContexts.h */,
				65347FF613B8147C0002CF73 /* JFFAsyncOperationLoadBalancerContexts.m */,
			);
			path = Detail;
			sourceTree = "<group>";
		};
		65648AF913923C47001E163C /* Detail */ = {
			isa = PBXGroup;
			children = (
				65648BAD1392407F001E163C /* JFFCallbacksBlocksHolder.h */,
				65648BAE1392407F001E163C /* JFFCallbacksBlocksHolder.m */,
			);
			path = Detail;
			sourceTree = "<group>";
		};
		8D9827F613F2B9AF009DD73B /* CachedAsyncOperations */ = {
			isa = PBXGroup;
			children = (
				8D98280313F2BA84009DD73B /* Detail */,
				8D9827F713F2B9D5009DD73B /* JFFPropertyPath.h */,
				8D9827F813F2B9D5009DD73B /* JFFPropertyPath.m */,
				8D9827FF13F2BA10009DD73B /* JFFPropertyExtractor.h */,
				8D98280013F2BA10009DD73B /* JFFPropertyExtractor.m */,
				8D9827F913F2B9D5009DD73B /* NSObject+AsyncPropertyReader.h */,
				8D9827FA13F2B9D5009DD73B /* NSObject+AsyncPropertyReader.m */,
			);
			path = CachedAsyncOperations;
			sourceTree = "<group>";
		};
		8D98280313F2BA84009DD73B /* Detail */ = {
			isa = PBXGroup;
			children = (
				8D61CD2A13F2BC8A0003AC4A /* JFFObjectRelatedPropertyData.h */,
				8D61CD2B13F2BC8A0003AC4A /* JFFObjectRelatedPropertyData.m */,
				8D61CD2F13F2BCE40003AC4A /* NSObject+PropertyExtractor.h */,
				8D61CD3013F2BCE40003AC4A /* NSObject+PropertyExtractor.m */,
			);
			path = Detail;
			sourceTree = "<group>";
		};
/* End PBXGroup section */

/* Begin PBXHeadersBuildPhase section */
		5B8116FA1486952A001B46D8 /* Headers */ = {
			isa = PBXHeadersBuildPhase;
			buildActionMask = 2147483647;
			files = (
				5B8116FB1486952A001B46D8 /* JFFAsyncOperations_Prefix.pch in Headers */,
				5B8116FC1486952A001B46D8 /* JFFAsyncOperationsBlockDefinitions.h in Headers */,
				5B8116FD1486952A001B46D8 /* JFFAsyncOperationContinuity.h in Headers */,
				5B8116FE1486952A001B46D8 /* JFFCallbacksBlocksHolder.h in Headers */,
				5B8116FF1486952A001B46D8 /* JFFOperationQueue.h in Headers */,
				5B8117001486952A001B46D8 /* JFFBlockOperation.h in Headers */,
				5B8117011486952A001B46D8 /* JFFAsyncOperationUtils.h in Headers */,
				5B8117021486952A001B46D8 /* JFFAsyncOperations.h in Headers */,
				5B8117031486952A001B46D8 /* JFFCancelAyncOperationBlockHolder.h in Headers */,
				5B8117041486952A001B46D8 /* JFFAsyncOperationLoadBalancer.h in Headers */,
				5B8117051486952A001B46D8 /* JFFContextLoaders.h in Headers */,
				5B8117061486952A001B46D8 /* JFFAsyncOperationLoadBalancerContexts.h in Headers */,
				5B8117071486952A001B46D8 /* JFFActiveLoaderData.h in Headers */,
				5B8117081486952A001B46D8 /* JFFAsyncOperationProgressBlockHolder.h in Headers */,
				5B8117091486952A001B46D8 /* JFFPedingLoaderData.h in Headers */,
				5B81170A1486952A001B46D8 /* JFFDidFinishAsyncOperationBlockHolder.h in Headers */,
				5B81170B1486952A001B46D8 /* JFFPropertyPath.h in Headers */,
				5B81170C1486952A001B46D8 /* NSObject+AsyncPropertyReader.h in Headers */,
				5B81170D1486952A001B46D8 /* JFFPropertyExtractor.h in Headers */,
				5B81170E1486952A001B46D8 /* JFFObjectRelatedPropertyData.h in Headers */,
				5B81170F1486952A001B46D8 /* NSObject+PropertyExtractor.h in Headers */,
				5B8117101486952A001B46D8 /* JFFAsyncOperationsPredefinedBlocks.h in Headers */,
				5B8117111486952A001B46D8 /* NSObject+AutoCancelAsyncOperation.h in Headers */,
			);
			runOnlyForDeploymentPostprocessing = 0;
		};
		D2AAC07A0554694100DB518D /* Headers */ = {
			isa = PBXHeadersBuildPhase;
			buildActionMask = 2147483647;
			files = (
				AA747D9F0F9514B9006C5449 /* JFFAsyncOperations_Prefix.pch in Headers */,
				651BE1621391913300DD6890 /* JFFAsyncOperationsBlockDefinitions.h in Headers */,
				651BE1671391928400DD6890 /* JFFAsyncOperationContinuity.h in Headers */,
				65648BAF1392407F001E163C /* JFFCallbacksBlocksHolder.h in Headers */,
				65648BB513924134001E163C /* JFFOperationQueue.h in Headers */,
				65648BD513924220001E163C /* JFFBlockOperation.h in Headers */,
				65648C3A1392490F001E163C /* JFFAsyncOperationUtils.h in Headers */,
				65648C5113924A77001E163C /* JFFAsyncOperations.h in Headers */,
				65347F6D13B7EEE50002CF73 /* JFFCancelAyncOperationBlockHolder.h in Headers */,
				65347F9613B7F0BD0002CF73 /* JFFAsyncOperationLoadBalancer.h in Headers */,
				65347FEF13B8142A0002CF73 /* JFFContextLoaders.h in Headers */,
				65347FF713B8147C0002CF73 /* JFFAsyncOperationLoadBalancerContexts.h in Headers */,
				6534802513B81DAE0002CF73 /* JFFActiveLoaderData.h in Headers */,
				6534804C13B822F00002CF73 /* JFFAsyncOperationProgressBlockHolder.h in Headers */,
				8D1B3D2B13B87A4900410ECB /* JFFPedingLoaderData.h in Headers */,
				8D1B3D6F13B88A2700410ECB /* JFFDidFinishAsyncOperationBlockHolder.h in Headers */,
				8D9827FB13F2B9D5009DD73B /* JFFPropertyPath.h in Headers */,
				8D9827FD13F2B9D5009DD73B /* NSObject+AsyncPropertyReader.h in Headers */,
				8D98280113F2BA10009DD73B /* JFFPropertyExtractor.h in Headers */,
				8D61CD2C13F2BC8A0003AC4A /* JFFObjectRelatedPropertyData.h in Headers */,
				8D61CD3113F2BCE40003AC4A /* NSObject+PropertyExtractor.h in Headers */,
				1BD9C8BB1445F2E10099223D /* JFFAsyncOperationsPredefinedBlocks.h in Headers */,
				1BED04D5144EBD0200B8DC2A /* NSObject+AutoCancelAsyncOperation.h in Headers */,
				6596AFA9149D19D9005E734F /* JFFDidFinishAsyncOperationHookHolder.h in Headers */,
			);
			runOnlyForDeploymentPostprocessing = 0;
		};
/* End PBXHeadersBuildPhase section */

/* Begin PBXNativeTarget section */
		5B8116F71486952A001B46D8 /* JFFAsyncOperations-clang */ = {
			isa = PBXNativeTarget;
			buildConfigurationList = 5B8117291486952A001B46D8 /* Build configuration list for PBXNativeTarget "JFFAsyncOperations-clang" */;
			buildPhases = (
				5B8116FA1486952A001B46D8 /* Headers */,
				5B8117121486952A001B46D8 /* Sources */,
				5B8117271486952A001B46D8 /* Frameworks */,
			);
			buildRules = (
			);
			dependencies = (
				5B811BF01486AD75001B46D8 /* PBXTargetDependency */,
			);
			name = "JFFAsyncOperations-clang";
			productName = JFFAsyncOperations;
			productReference = 5B81172C1486952A001B46D8 /* libJFFAsyncOperations-clang.a */;
			productType = "com.apple.product-type.library.static";
		};
		D2AAC07D0554694100DB518D /* JFFAsyncOperations */ = {
			isa = PBXNativeTarget;
			buildConfigurationList = 1DEB921E08733DC00010E9CD /* Build configuration list for PBXNativeTarget "JFFAsyncOperations" */;
			buildPhases = (
				D2AAC07A0554694100DB518D /* Headers */,
				D2AAC07B0554694100DB518D /* Sources */,
				D2AAC07C0554694100DB518D /* Frameworks */,
			);
			buildRules = (
			);
			dependencies = (
				1BD9C9021445F53B0099223D /* PBXTargetDependency */,
			);
			name = JFFAsyncOperations;
			productName = JFFAsyncOperations;
			productReference = D2AAC07E0554694100DB518D /* libJFFAsyncOperations.a */;
			productType = "com.apple.product-type.library.static";
		};
/* End PBXNativeTarget section */

/* Begin PBXProject section */
		0867D690FE84028FC02AAC07 /* Project object */ = {
			isa = PBXProject;
			attributes = {
				LastUpgradeCheck = 0420;
			};
			buildConfigurationList = 1DEB922208733DC00010E9CD /* Build configuration list for PBXProject "JFFAsyncOperations" */;
			compatibilityVersion = "Xcode 3.2";
			developmentRegion = English;
			hasScannedForEncodings = 1;
			knownRegions = (
				English,
				Japanese,
				French,
				German,
			);
			mainGroup = 0867D691FE84028FC02AAC07 /* JFFAsyncOperations */;
			productRefGroup = 034768DFFF38A50411DB9C8B /* Products */;
			projectDirPath = "";
			projectReferences = (
				{
					ProductGroup = 1BD9C8F91445F5340099223D /* Products */;
					ProjectRef = 1BD9C8F81445F5340099223D /* JFFScheduler.xcodeproj */;
				},
			);
			projectRoot = "";
			targets = (
				D2AAC07D0554694100DB518D /* JFFAsyncOperations */,
				5B8116F71486952A001B46D8 /* JFFAsyncOperations-clang */,
			);
		};
/* End PBXProject section */

/* Begin PBXReferenceProxy section */
		1BD9C9001445F5340099223D /* libJFFScheduler.a */ = {
			isa = PBXReferenceProxy;
			fileType = archive.ar;
			path = libJFFScheduler.a;
			remoteRef = 1BD9C8FF1445F5340099223D /* PBXContainerItemProxy */;
			sourceTree = BUILT_PRODUCTS_DIR;
		};
		5B811BEE1486AD6F001B46D8 /* libJFFScheduler-clang.a */ = {
			isa = PBXReferenceProxy;
			fileType = archive.ar;
			path = "libJFFScheduler-clang.a";
			remoteRef = 5B811BED1486AD6F001B46D8 /* PBXContainerItemProxy */;
			sourceTree = BUILT_PRODUCTS_DIR;
		};
/* End PBXReferenceProxy section */

/* Begin PBXSourcesBuildPhase section */
		5B8117121486952A001B46D8 /* Sources */ = {
			isa = PBXSourcesBuildPhase;
			buildActionMask = 2147483647;
			files = (
				5B8117131486952A001B46D8 /* JFFAsyncOperationContinuity.m in Sources */,
				5B8117141486952A001B46D8 /* JFFCallbacksBlocksHolder.m in Sources */,
				5B8117151486952A001B46D8 /* JFFOperationQueue.m in Sources */,
				5B8117161486952A001B46D8 /* JFFBlockOperation.m in Sources */,
				5B8117171486952A001B46D8 /* JFFAsyncOperationUtils.m in Sources */,
				5B8117181486952A001B46D8 /* JFFCancelAyncOperationBlockHolder.m in Sources */,
				5B8117191486952A001B46D8 /* JFFAsyncOperationLoadBalancer.m in Sources */,
				5B81171A1486952A001B46D8 /* JFFContextLoaders.m in Sources */,
				5B81171B1486952A001B46D8 /* JFFAsyncOperationLoadBalancerContexts.m in Sources */,
				5B81171C1486952A001B46D8 /* JFFActiveLoaderData.m in Sources */,
				5B81171D1486952A001B46D8 /* JFFAsyncOperationProgressBlockHolder.m in Sources */,
				5B81171E1486952A001B46D8 /* JFFPedingLoaderData.m in Sources */,
				5B81171F1486952A001B46D8 /* JFFDidFinishAsyncOperationBlockHolder.m in Sources */,
				5B8117201486952A001B46D8 /* JFFPropertyPath.m in Sources */,
				5B8117211486952A001B46D8 /* NSObject+AsyncPropertyReader.m in Sources */,
				5B8117221486952A001B46D8 /* JFFPropertyExtractor.m in Sources */,
				5B8117231486952A001B46D8 /* JFFObjectRelatedPropertyData.m in Sources */,
				5B8117241486952A001B46D8 /* NSObject+PropertyExtractor.m in Sources */,
				5B8117251486952A001B46D8 /* JFFAsyncOperationsPredefinedBlocks.m in Sources */,
				5B8117261486952A001B46D8 /* NSObject+AutoCancelAsyncOperation.m in Sources */,
			);
			runOnlyForDeploymentPostprocessing = 0;
		};
		D2AAC07B0554694100DB518D /* Sources */ = {
			isa = PBXSourcesBuildPhase;
			buildActionMask = 2147483647;
			files = (
				651BE1681391928400DD6890 /* JFFAsyncOperationContinuity.m in Sources */,
				65648BB01392407F001E163C /* JFFCallbacksBlocksHolder.m in Sources */,
				65648BB613924134001E163C /* JFFOperationQueue.m in Sources */,
				65648BD613924220001E163C /* JFFBlockOperation.m in Sources */,
				65648C3B1392490F001E163C /* JFFAsyncOperationUtils.m in Sources */,
				65347F6E13B7EEE50002CF73 /* JFFCancelAyncOperationBlockHolder.m in Sources */,
				65347F9713B7F0BD0002CF73 /* JFFAsyncOperationLoadBalancer.m in Sources */,
				65347FF013B8142A0002CF73 /* JFFContextLoaders.m in Sources */,
				65347FF813B8147C0002CF73 /* JFFAsyncOperationLoadBalancerContexts.m in Sources */,
				6534802613B81DAE0002CF73 /* JFFActiveLoaderData.m in Sources */,
				6534804D13B822F00002CF73 /* JFFAsyncOperationProgressBlockHolder.m in Sources */,
				8D1B3D2C13B87A4900410ECB /* JFFPedingLoaderData.m in Sources */,
				8D1B3D7013B88A2700410ECB /* JFFDidFinishAsyncOperationBlockHolder.m in Sources */,
				8D9827FC13F2B9D5009DD73B /* JFFPropertyPath.m in Sources */,
				8D9827FE13F2B9D5009DD73B /* NSObject+AsyncPropertyReader.m in Sources */,
				8D98280213F2BA10009DD73B /* JFFPropertyExtractor.m in Sources */,
				8D61CD2D13F2BC8A0003AC4A /* JFFObjectRelatedPropertyData.m in Sources */,
				8D61CD3213F2BCE40003AC4A /* NSObject+PropertyExtractor.m in Sources */,
				1BD9C8BC1445F2E10099223D /* JFFAsyncOperationsPredefinedBlocks.m in Sources */,
				1BED04D6144EBD0200B8DC2A /* NSObject+AutoCancelAsyncOperation.m in Sources */,
				6596AFAA149D19D9005E734F /* JFFDidFinishAsyncOperationHookHolder.m in Sources */,
			);
			runOnlyForDeploymentPostprocessing = 0;
		};
/* End PBXSourcesBuildPhase section */

/* Begin PBXTargetDependency section */
		1BD9C9021445F53B0099223D /* PBXTargetDependency */ = {
			isa = PBXTargetDependency;
			name = JFFScheduler;
			targetProxy = 1BD9C9011445F53B0099223D /* PBXContainerItemProxy */;
		};
		5B811BF01486AD75001B46D8 /* PBXTargetDependency */ = {
			isa = PBXTargetDependency;
			name = "JFFScheduler-clang";
			targetProxy = 5B811BEF1486AD75001B46D8 /* PBXContainerItemProxy */;
		};
/* End PBXTargetDependency section */

/* Begin XCBuildConfiguration section */
		1DEB921F08733DC00010E9CD /* Debug */ = {
			isa = XCBuildConfiguration;
			buildSettings = {
				ALWAYS_SEARCH_USER_PATHS = NO;
				ARCHS = (
					armv6,
					armv7,
				);
				COPY_PHASE_STRIP = NO;
				DSTROOT = /tmp/JFFAsyncOperations.dst;
				GCC_DYNAMIC_NO_PIC = NO;
				GCC_MODEL_TUNING = G5;
				GCC_OPTIMIZATION_LEVEL = 0;
				GCC_PRECOMPILE_PREFIX_HEADER = YES;
				GCC_PREFIX_HEADER = JFFAsyncOperations_Prefix.pch;
				HEADER_SEARCH_PATHS = ../;
				INSTALL_PATH = /usr/local/lib;
				IPHONEOS_DEPLOYMENT_TARGET = 3.0;
				PRODUCT_NAME = JFFAsyncOperations;
			};
			name = Debug;
		};
		1DEB922008733DC00010E9CD /* Release */ = {
			isa = XCBuildConfiguration;
			buildSettings = {
				ALWAYS_SEARCH_USER_PATHS = NO;
				ARCHS = (
					armv6,
					armv7,
				);
				DSTROOT = /tmp/JFFAsyncOperations.dst;
				GCC_MODEL_TUNING = G5;
				GCC_PRECOMPILE_PREFIX_HEADER = YES;
				GCC_PREFIX_HEADER = JFFAsyncOperations_Prefix.pch;
				HEADER_SEARCH_PATHS = ../;
				INSTALL_PATH = /usr/local/lib;
				IPHONEOS_DEPLOYMENT_TARGET = 3.0;
				PRODUCT_NAME = JFFAsyncOperations;
			};
			name = Release;
		};
		1DEB922308733DC00010E9CD /* Debug */ = {
			isa = XCBuildConfiguration;
			buildSettings = {
				ARCHS = (
					armv6,
					armv7,
				);
				GCC_C_LANGUAGE_STANDARD = c99;
				GCC_OPTIMIZATION_LEVEL = 0;
				GCC_WARN_ABOUT_MISSING_PROTOTYPES = YES;
				GCC_WARN_ABOUT_RETURN_TYPE = YES;
				GCC_WARN_UNUSED_VARIABLE = YES;
				OTHER_LDFLAGS = "-ObjC";
				SDKROOT = iphoneos;
			};
			name = Debug;
		};
		1DEB922408733DC00010E9CD /* Release */ = {
			isa = XCBuildConfiguration;
			buildSettings = {
				ARCHS = (
					armv6,
					armv7,
				);
				ARCHS = "$(ARCHS_STANDARD_32_BIT)";
				GCC_C_LANGUAGE_STANDARD = c99;
				GCC_WARN_ABOUT_MISSING_PROTOTYPES = YES;
				GCC_WARN_ABOUT_RETURN_TYPE = YES;
				GCC_WARN_UNUSED_VARIABLE = YES;
				OTHER_LDFLAGS = "-ObjC";
				SDKROOT = iphoneos;
			};
			name = Release;
		};
		5B81172A1486952A001B46D8 /* Debug */ = {
			isa = XCBuildConfiguration;
			buildSettings = {
				ALWAYS_SEARCH_USER_PATHS = NO;
				COPY_PHASE_STRIP = NO;
				DSTROOT = /tmp/JFFAsyncOperations.dst;
				GCC_DYNAMIC_NO_PIC = NO;
				GCC_MODEL_TUNING = G5;
				GCC_OPTIMIZATION_LEVEL = 0;
				GCC_PRECOMPILE_PREFIX_HEADER = YES;
				GCC_PREFIX_HEADER = JFFAsyncOperations_Prefix.pch;
				HEADER_SEARCH_PATHS = ../;
				INSTALL_PATH = /usr/local/lib;
				IPHONEOS_DEPLOYMENT_TARGET = 3.0;
				PRODUCT_NAME = "JFFAsyncOperations-clang";
				RUN_CLANG_STATIC_ANALYZER = YES;
			};
			name = Debug;
		};
		5B81172B1486952A001B46D8 /* Release */ = {
			isa = XCBuildConfiguration;
			buildSettings = {
				ALWAYS_SEARCH_USER_PATHS = NO;
				DSTROOT = /tmp/JFFAsyncOperations.dst;
				GCC_MODEL_TUNING = G5;
				GCC_PRECOMPILE_PREFIX_HEADER = YES;
				GCC_PREFIX_HEADER = JFFAsyncOperations_Prefix.pch;
				HEADER_SEARCH_PATHS = ../;
				INSTALL_PATH = /usr/local/lib;
				IPHONEOS_DEPLOYMENT_TARGET = 3.0;
				PRODUCT_NAME = "JFFAsyncOperations-clang";
				RUN_CLANG_STATIC_ANALYZER = YES;
			};
			name = Release;
		};
/* End XCBuildConfiguration section */

/* Begin XCConfigurationList section */
		1DEB921E08733DC00010E9CD /* Build configuration list for PBXNativeTarget "JFFAsyncOperations" */ = {
			isa = XCConfigurationList;
			buildConfigurations = (
				1DEB921F08733DC00010E9CD /* Debug */,
				1DEB922008733DC00010E9CD /* Release */,
			);
			defaultConfigurationIsVisible = 0;
			defaultConfigurationName = Release;
		};
		1DEB922208733DC00010E9CD /* Build configuration list for PBXProject "JFFAsyncOperations" */ = {
			isa = XCConfigurationList;
			buildConfigurations = (
				1DEB922308733DC00010E9CD /* Debug */,
				1DEB922408733DC00010E9CD /* Release */,
			);
			defaultConfigurationIsVisible = 0;
			defaultConfigurationName = Release;
		};
		5B8117291486952A001B46D8 /* Build configuration list for PBXNativeTarget "JFFAsyncOperations-clang" */ = {
			isa = XCConfigurationList;
			buildConfigurations = (
				5B81172A1486952A001B46D8 /* Debug */,
				5B81172B1486952A001B46D8 /* Release */,
			);
			defaultConfigurationIsVisible = 0;
			defaultConfigurationName = Release;
		};
/* End XCConfigurationList section */
	};
	rootObject = 0867D690FE84028FC02AAC07 /* Project object */;
}
